
Microsoft Visual Studio Solution File, Format Version 12.00
# Visual Studio 15
VisualStudioVersion = 15.0.27130.2010
MinimumVisualStudioVersion = 10.0.40219.1
Project("{FAE04EC0-301F-11D3-BF4B-00C04F79EFBC}") = "Grades", "Grades.csproj", "{35E3EDE6-79AC-4A72-9469-67841F6C7CFC}"
EndProject
Project("{FAE04EC0-301F-11D3-BF4B-00C04F79EFBC}") = "Grades.Test", "..\Grades.Test\Grades.Test.csproj", "{E91329BD-D779-41BC-9C81-65F61E7148C7}"
EndProject
Global
	GlobalSection(SolutionConfigurationPlatforms) = preSolution
		Debug|Any CPU = Debug|Any CPU
		Release|Any CPU = Release|Any CPU
	EndGlobalSection
	GlobalSection(ProjectConfigurationPlatforms) = postSolution
		{35E3EDE6-79AC-4A72-9469-67841F6C7CFC}.Debug|Any CPU.ActiveCfg = Debug|Any CPU
		{35E3EDE6-79AC-4A72-9469-67841F6C7CFC}.Debug|Any CPU.Build.0 = Debug|Any CPU
		{35E3EDE6-79AC-4A72-9469-67841F6C7CFC}.Release|Any CPU.ActiveCfg = Release|Any CPU
		{35E3EDE6-79AC-4A72-9469-67841F6C7CFC}.Release|Any CPU.Build.0 = Release|Any CPU
		{E91329BD-D779-41BC-9C81-65F61E7148C7}.Debug|Any CPU.ActiveCfg = Debug|Any CPU
		{E91329BD-D779-41BC-9C81-65F61E7148C7}.Debug|Any CPU.Build.0 = Debug|Any CPU
		{E91329BD-D779-41BC-9C81-65F61E7148C7}.Release|Any CPU.ActiveCfg = Release|Any CPU
		{E91329BD-D779-41BC-9C81-65F61E7148C7}.Release|Any CPU.Build.0 = Release|Any CPU
	EndGlobalSection
	GlobalSection(SolutionProperties) = preSolution
		HideSolutionNode = FALSE
	EndGlobalSection
	GlobalSection(ExtensibilityGlobals) = postSolution
		SolutionGuid = {D195E530-2D0F-405C-8B6C-66E0B6740803}
	EndGlobalSection
EndGlobal
